
Microsoft Visual Studio Solution File, Format Version 12.00
# Visual Studio Version 18
VisualStudioVersion = 18.4.11605.240
MinimumVisualStudioVersion = 10.0.40219.1
Project("{2150E333-8FDC-42A3-9474-1A3956D46DE8}") = "src", "src", "{827E0CD3-B72D-47B6-A68D-7590B98EB39B}"
EndProject
Project("{2150E333-8FDC-42A3-9474-1A3956D46DE8}") = "tests", "tests", "{91A2B3C4-D5E6-47F8-9A0B-1C2D3E4F5A6B}"
EndProject
Project("{FAE04EC0-301F-11D3-BF4B-00C04F79EFBC}") = "AutoPBR.Core", "src\AutoPBR.Core\AutoPBR.Core.csproj", "{E4C3E3EC-9829-4758-A5EB-00A1F6606A1D}"
EndProject
Project("{FAE04EC0-301F-11D3-BF4B-00C04F79EFBC}") = "AutoPBR.Cli", "src\AutoPBR.Cli\AutoPBR.Cli.csproj", "{57733030-2349-4A16-A3F7-4CD7793F360C}"
EndProject
Project("{FAE04EC0-301F-11D3-BF4B-00C04F79EFBC}") = "AutoPBR.App", "src\AutoPBR.App\AutoPBR.App.csproj", "{5D042A33-0D90-4A33-838A-F2E97653761D}"
EndProject
Project("{FAE04EC0-301F-11D3-BF4B-00C04F79EFBC}") = "AutoPBR.Tools.GenerateIcon", "src\AutoPBR.Tools.GenerateIcon\AutoPBR.Tools.GenerateIcon.csproj", "{A1B2C3D4-1234-4E5F-A6B7-1234567890AB}"
EndProject
Project("{FAE04EC0-301F-11D3-BF4B-00C04F79EFBC}") = "AutoPBR.Tools.GeometryCompiler", "src\AutoPBR.Tools.GeometryCompiler\AutoPBR.Tools.GeometryCompiler.csproj", "{C4D5E6F7-18A9-4B0C-D1E2-F3A4B5C6D708}"
EndProject
Project("{FAE04EC0-301F-11D3-BF4B-00C04F79EFBC}") = "AutoPBR.Tools.AnimationCompiler", "src\AutoPBR.Tools.AnimationCompiler\AutoPBR.Tools.AnimationCompiler.csproj", "{A0B1C2D3-E4F5-4678-A9B0-C1D2E3F40506}"
EndProject
Project("{FAE04EC0-301F-11D3-BF4B-00C04F79EFBC}") = "AutoPBR.Core.Tests", "tests\AutoPBR.Core.Tests\AutoPBR.Core.Tests.csproj", "{A7B8C9D0-E1F2-4A5B-9C8D-7E6F5A4B3C2D}"
EndProject
Project("{54435603-DBB4-11D2-8724-00A0C9A8B90C}") = "AutoPBR-Publish", "..\AutoPBR-Publish\AutoPBR-Publish\AutoPBR-Publish.vdproj", "{B0F0A6F6-A809-8EEA-FCFE-90C632755ADE}"
EndProject
Project("{FAE04EC0-301F-11D3-BF4B-00C04F79EFBC}") = "AutoPBR.App.Tests", "tests\AutoPBR.App.Tests\AutoPBR.App.Tests.csproj", "{42FA567F-5FE5-4E51-8CE7-1E7C79DB6D31}"
EndProject
Project("{FAE04EC0-301F-11D3-BF4B-00C04F79EFBC}") = "AutoPBR.GeometryCompiler.Tests", "tests\AutoPBR.GeometryCompiler.Tests\AutoPBR.GeometryCompiler.Tests.csproj", "{D5E6F708-29BA-5C1D-E2F3-A4B5C6D7E809}"
EndProject
Project("{FAE04EC0-301F-11D3-BF4B-00C04F79EFBC}") = "AutoPBR.AnimationCompiler.Tests", "tests\AutoPBR.AnimationCompiler.Tests\AutoPBR.AnimationCompiler.Tests.csproj", "{B1C2D3E4-F5A6-4789-B0C1-D2E3F4A51617}"
EndProject
Project("{FAE04EC0-301F-11D3-BF4B-00C04F79EFBC}") = "AutoPBR.Contracts", "src\AutoPBR.Contracts\AutoPBR.Contracts.csproj", "{526932A2-9E59-4327-ABBF-0CB77162F361}"
EndProject
Project("{FAE04EC0-301F-11D3-BF4B-00C04F79EFBC}") = "AutoPBR.Preview", "src\AutoPBR.Preview\AutoPBR.Preview.csproj", "{D7F9AC82-0A8C-4ECE-BD41-31DC83718D16}"
EndProject
Project("{FAE04EC0-301F-11D3-BF4B-00C04F79EFBC}") = "AutoPBR.PreviewGpuAssets", "src\AutoPBR.PreviewGpuAssets\AutoPBR.PreviewGpuAssets.csproj", "{38AFECB1-D03C-4FB0-BF18-5B1B7BE1A3D4}"
EndProject
Project("{FAE04EC0-301F-11D3-BF4B-00C04F79EFBC}") = "AutoPBR.Tools.GeneratePreviewCloudAssets", "src\AutoPBR.Tools.GeneratePreviewCloudAssets\AutoPBR.Tools.GeneratePreviewCloudAssets.csproj", "{BB8B9B3C-386A-430A-914F-8585630CA976}"
EndProject
Project("{FAE04EC0-301F-11D3-BF4B-00C04F79EFBC}") = "AutoPBR.Tools.GeneratePreviewGroundAssets", "src\AutoPBR.Tools.GeneratePreviewGroundAssets\AutoPBR.Tools.GeneratePreviewGroundAssets.csproj", "{AFCA25F7-BB36-43D4-9D10-65C90441F267}"
EndProject
Global
	GlobalSection(SolutionConfigurationPlatforms) = preSolution
		Debug|Any CPU = Debug|Any CPU
		Debug|x64 = Debug|x64
		Debug|x86 = Debug|x86
		Release|Any CPU = Release|Any CPU
		Release|x64 = Release|x64
		Release|x86 = Release|x86
	EndGlobalSection
	GlobalSection(ProjectConfigurationPlatforms) = postSolution
		{E4C3E3EC-9829-4758-A5EB-00A1F6606A1D}.Debug|Any CPU.ActiveCfg = Debug|Any CPU
		{E4C3E3EC-9829-4758-A5EB-00A1F6606A1D}.Debug|Any CPU.Build.0 = Debug|Any CPU
		{E4C3E3EC-9829-4758-A5EB-00A1F6606A1D}.Debug|x64.ActiveCfg = Debug|Any CPU
		{E4C3E3EC-9829-4758-A5EB-00A1F6606A1D}.Debug|x64.Build.0 = Debug|Any CPU
		{E4C3E3EC-9829-4758-A5EB-00A1F6606A1D}.Debug|x86.ActiveCfg = Debug|Any CPU
		{E4C3E3EC-9829-4758-A5EB-00A1F6606A1D}.Debug|x86.Build.0 = Debug|Any CPU
		{E4C3E3EC-9829-4758-A5EB-00A1F6606A1D}.Release|Any CPU.ActiveCfg = Release|Any CPU
		{E4C3E3EC-9829-4758-A5EB-00A1F6606A1D}.Release|Any CPU.Build.0 = Release|Any CPU
		{E4C3E3EC-9829-4758-A5EB-00A1F6606A1D}.Release|x64.ActiveCfg = Release|Any CPU
		{E4C3E3EC-9829-4758-A5EB-00A1F6606A1D}.Release|x64.Build.0 = Release|Any CPU
		{E4C3E3EC-9829-4758-A5EB-00A1F6606A1D}.Release|x86.ActiveCfg = Release|Any CPU
		{E4C3E3EC-9829-4758-A5EB-00A1F6606A1D}.Release|x86.Build.0 = Release|Any CPU
		{57733030-2349-4A16-A3F7-4CD7793F360C}.Debug|Any CPU.ActiveCfg = Debug|Any CPU
		{57733030-2349-4A16-A3F7-4CD7793F360C}.Debug|Any CPU.Build.0 = Debug|Any CPU
		{57733030-2349-4A16-A3F7-4CD7793F360C}.Debug|x64.ActiveCfg = Debug|Any CPU
		{57733030-2349-4A16-A3F7-4CD7793F360C}.Debug|x64.Build.0 = Debug|Any CPU
		{57733030-2349-4A16-A3F7-4CD7793F360C}.Debug|x86.ActiveCfg = Debug|Any CPU
		{57733030-2349-4A16-A3F7-4CD7793F360C}.Debug|x86.Build.0 = Debug|Any CPU
		{57733030-2349-4A16-A3F7-4CD7793F360C}.Release|Any CPU.ActiveCfg = Release|Any CPU
		{57733030-2349-4A16-A3F7-4CD7793F360C}.Release|Any CPU.Build.0 = Release|Any CPU
		{57733030-2349-4A16-A3F7-4CD7793F360C}.Release|x64.ActiveCfg = Release|Any CPU
		{57733030-2349-4A16-A3F7-4CD7793F360C}.Release|x64.Build.0 = Release|Any CPU
		{57733030-2349-4A16-A3F7-4CD7793F360C}.Release|x86.ActiveCfg = Release|Any CPU
		{57733030-2349-4A16-A3F7-4CD7793F360C}.Release|x86.Build.0 = Release|Any CPU
		{5D042A33-0D90-4A33-838A-F2E97653761D}.Debug|Any CPU.ActiveCfg = Debug|Any CPU
		{5D042A33-0D90-4A33-838A-F2E97653761D}.Debug|Any CPU.Build.0 = Debug|Any CPU
		{5D042A33-0D90-4A33-838A-F2E97653761D}.Debug|x64.ActiveCfg = Debug|Any CPU
		{5D042A33-0D90-4A33-838A-F2E97653761D}.Debug|x64.Build.0 = Debug|Any CPU
		{5D042A33-0D90-4A33-838A-F2E97653761D}.Debug|x86.ActiveCfg = Debug|Any CPU
		{5D042A33-0D90-4A33-838A-F2E97653761D}.Debug|x86.Build.0 = Debug|Any CPU
		{5D042A33-0D90-4A33-838A-F2E97653761D}.Release|Any CPU.ActiveCfg = Release|Any CPU
		{5D042A33-0D90-4A33-838A-F2E97653761D}.Release|Any CPU.Build.0 = Release|Any CPU
		{5D042A33-0D90-4A33-838A-F2E97653761D}.Release|x64.ActiveCfg = Release|Any CPU
		{5D042A33-0D90-4A33-838A-F2E97653761D}.Release|x64.Build.0 = Release|Any CPU
		{5D042A33-0D90-4A33-838A-F2E97653761D}.Release|x86.ActiveCfg = Release|Any CPU
		{5D042A33-0D90-4A33-838A-F2E97653761D}.Release|x86.Build.0 = Release|Any CPU
		{A1B2C3D4-1234-4E5F-A6B7-1234567890AB}.Debug|Any CPU.ActiveCfg = Debug|Any CPU
		{A1B2C3D4-1234-4E5F-A6B7-1234567890AB}.Debug|Any CPU.Build.0 = Debug|Any CPU
		{A1B2C3D4-1234-4E5F-A6B7-1234567890AB}.Debug|x64.ActiveCfg = Debug|Any CPU
		{A1B2C3D4-1234-4E5F-A6B7-1234567890AB}.Debug|x64.Build.0 = Debug|Any CPU
		{A1B2C3D4-1234-4E5F-A6B7-1234567890AB}.Debug|x86.ActiveCfg = Debug|Any CPU
		{A1B2C3D4-1234-4E5F-A6B7-1234567890AB}.Debug|x86.Build.0 = Debug|Any CPU
		{A1B2C3D4-1234-4E5F-A6B7-1234567890AB}.Release|Any CPU.ActiveCfg = Release|Any CPU
		{A1B2C3D4-1234-4E5F-A6B7-1234567890AB}.Release|Any CPU.Build.0 = Release|Any CPU
		{A1B2C3D4-1234-4E5F-A6B7-1234567890AB}.Release|x64.ActiveCfg = Release|Any CPU
		{A1B2C3D4-1234-4E5F-A6B7-1234567890AB}.Release|x64.Build.0 = Release|Any CPU
		{A1B2C3D4-1234-4E5F-A6B7-1234567890AB}.Release|x86.ActiveCfg = Release|Any CPU
		{A1B2C3D4-1234-4E5F-A6B7-1234567890AB}.Release|x86.Build.0 = Release|Any CPU
		{C4D5E6F7-18A9-4B0C-D1E2-F3A4B5C6D708}.Debug|Any CPU.ActiveCfg = Debug|Any CPU
		{C4D5E6F7-18A9-4B0C-D1E2-F3A4B5C6D708}.Debug|Any CPU.Build.0 = Debug|Any CPU
		{C4D5E6F7-18A9-4B0C-D1E2-F3A4B5C6D708}.Debug|x64.ActiveCfg = Debug|Any CPU
		{C4D5E6F7-18A9-4B0C-D1E2-F3A4B5C6D708}.Debug|x64.Build.0 = Debug|Any CPU
		{C4D5E6F7-18A9-4B0C-D1E2-F3A4B5C6D708}.Debug|x86.ActiveCfg = Debug|Any CPU
		{C4D5E6F7-18A9-4B0C-D1E2-F3A4B5C6D708}.Debug|x86.Build.0 = Debug|Any CPU
		{C4D5E6F7-18A9-4B0C-D1E2-F3A4B5C6D708}.Release|Any CPU.ActiveCfg = Release|Any CPU
		{C4D5E6F7-18A9-4B0C-D1E2-F3A4B5C6D708}.Release|Any CPU.Build.0 = Release|Any CPU
		{C4D5E6F7-18A9-4B0C-D1E2-F3A4B5C6D708}.Release|x64.ActiveCfg = Release|Any CPU
		{C4D5E6F7-18A9-4B0C-D1E2-F3A4B5C6D708}.Release|x64.Build.0 = Release|Any CPU
		{C4D5E6F7-18A9-4B0C-D1E2-F3A4B5C6D708}.Release|x86.ActiveCfg = Release|Any CPU
		{C4D5E6F7-18A9-4B0C-D1E2-F3A4B5C6D708}.Release|x86.Build.0 = Release|Any CPU
		{A0B1C2D3-E4F5-4678-A9B0-C1D2E3F40506}.Debug|Any CPU.ActiveCfg = Debug|Any CPU
		{A0B1C2D3-E4F5-4678-A9B0-C1D2E3F40506}.Debug|Any CPU.Build.0 = Debug|Any CPU
		{A0B1C2D3-E4F5-4678-A9B0-C1D2E3F40506}.Debug|x64.ActiveCfg = Debug|Any CPU
		{A0B1C2D3-E4F5-4678-A9B0-C1D2E3F40506}.Debug|x64.Build.0 = Debug|Any CPU
		{A0B1C2D3-E4F5-4678-A9B0-C1D2E3F40506}.Debug|x86.ActiveCfg = Debug|Any CPU
		{A0B1C2D3-E4F5-4678-A9B0-C1D2E3F40506}.Debug|x86.Build.0 = Debug|Any CPU
		{A0B1C2D3-E4F5-4678-A9B0-C1D2E3F40506}.Release|Any CPU.ActiveCfg = Release|Any CPU
		{A0B1C2D3-E4F5-4678-A9B0-C1D2E3F40506}.Release|Any CPU.Build.0 = Release|Any CPU
		{A0B1C2D3-E4F5-4678-A9B0-C1D2E3F40506}.Release|x64.ActiveCfg = Release|Any CPU
		{A0B1C2D3-E4F5-4678-A9B0-C1D2E3F40506}.Release|x64.Build.0 = Release|Any CPU
		{A0B1C2D3-E4F5-4678-A9B0-C1D2E3F40506}.Release|x86.ActiveCfg = Release|Any CPU
		{A0B1C2D3-E4F5-4678-A9B0-C1D2E3F40506}.Release|x86.Build.0 = Release|Any CPU
		{A7B8C9D0-E1F2-4A5B-9C8D-7E6F5A4B3C2D}.Debug|Any CPU.ActiveCfg = Debug|Any CPU
		{A7B8C9D0-E1F2-4A5B-9C8D-7E6F5A4B3C2D}.Debug|Any CPU.Build.0 = Debug|Any CPU
		{A7B8C9D0-E1F2-4A5B-9C8D-7E6F5A4B3C2D}.Debug|x64.ActiveCfg = Debug|Any CPU
		{A7B8C9D0-E1F2-4A5B-9C8D-7E6F5A4B3C2D}.Debug|x64.Build.0 = Debug|Any CPU
		{A7B8C9D0-E1F2-4A5B-9C8D-7E6F5A4B3C2D}.Debug|x86.ActiveCfg = Debug|Any CPU
		{A7B8C9D0-E1F2-4A5B-9C8D-7E6F5A4B3C2D}.Debug|x86.Build.0 = Debug|Any CPU
		{A7B8C9D0-E1F2-4A5B-9C8D-7E6F5A4B3C2D}.Release|Any CPU.ActiveCfg = Release|Any CPU
		{A7B8C9D0-E1F2-4A5B-9C8D-7E6F5A4B3C2D}.Release|Any CPU.Build.0 = Release|Any CPU
		{A7B8C9D0-E1F2-4A5B-9C8D-7E6F5A4B3C2D}.Release|x64.ActiveCfg = Release|Any CPU
		{A7B8C9D0-E1F2-4A5B-9C8D-7E6F5A4B3C2D}.Release|x64.Build.0 = Release|Any CPU
		{A7B8C9D0-E1F2-4A5B-9C8D-7E6F5A4B3C2D}.Release|x86.ActiveCfg = Release|Any CPU
		{A7B8C9D0-E1F2-4A5B-9C8D-7E6F5A4B3C2D}.Release|x86.Build.0 = Release|Any CPU
		{B0F0A6F6-A809-8EEA-FCFE-90C632755ADE}.Debug|Any CPU.ActiveCfg = Debug|Any CPU
		{B0F0A6F6-A809-8EEA-FCFE-90C632755ADE}.Debug|x64.ActiveCfg = Debug|x64
		{B0F0A6F6-A809-8EEA-FCFE-90C632755ADE}.Debug|x86.ActiveCfg = Debug|x86
		{B0F0A6F6-A809-8EEA-FCFE-90C632755ADE}.Release|Any CPU.ActiveCfg = Release|Any CPU
		{B0F0A6F6-A809-8EEA-FCFE-90C632755ADE}.Release|x64.ActiveCfg = Release|x64
		{B0F0A6F6-A809-8EEA-FCFE-90C632755ADE}.Release|x86.ActiveCfg = Release|x86
		{42FA567F-5FE5-4E51-8CE7-1E7C79DB6D31}.Debug|Any CPU.ActiveCfg = Debug|Any CPU
		{42FA567F-5FE5-4E51-8CE7-1E7C79DB6D31}.Debug|Any CPU.Build.0 = Debug|Any CPU
		{42FA567F-5FE5-4E51-8CE7-1E7C79DB6D31}.Debug|x64.ActiveCfg = Debug|Any CPU
		{42FA567F-5FE5-4E51-8CE7-1E7C79DB6D31}.Debug|x64.Build.0 = Debug|Any CPU
		{42FA567F-5FE5-4E51-8CE7-1E7C79DB6D31}.Debug|x86.ActiveCfg = Debug|Any CPU
		{42FA567F-5FE5-4E51-8CE7-1E7C79DB6D31}.Debug|x86.Build.0 = Debug|Any CPU
		{42FA567F-5FE5-4E51-8CE7-1E7C79DB6D31}.Release|Any CPU.ActiveCfg = Release|Any CPU
		{42FA567F-5FE5-4E51-8CE7-1E7C79DB6D31}.Release|Any CPU.Build.0 = Release|Any CPU
		{42FA567F-5FE5-4E51-8CE7-1E7C79DB6D31}.Release|x64.ActiveCfg = Release|Any CPU
		{42FA567F-5FE5-4E51-8CE7-1E7C79DB6D31}.Release|x64.Build.0 = Release|Any CPU
		{42FA567F-5FE5-4E51-8CE7-1E7C79DB6D31}.Release|x86.ActiveCfg = Release|Any CPU
		{42FA567F-5FE5-4E51-8CE7-1E7C79DB6D31}.Release|x86.Build.0 = Release|Any CPU
		{D5E6F708-29BA-5C1D-E2F3-A4B5C6D7E809}.Debug|Any CPU.ActiveCfg = Debug|Any CPU
		{D5E6F708-29BA-5C1D-E2F3-A4B5C6D7E809}.Debug|Any CPU.Build.0 = Debug|Any CPU
		{D5E6F708-29BA-5C1D-E2F3-A4B5C6D7E809}.Debug|x64.ActiveCfg = Debug|Any CPU
		{D5E6F708-29BA-5C1D-E2F3-A4B5C6D7E809}.Debug|x64.Build.0 = Debug|Any CPU
		{D5E6F708-29BA-5C1D-E2F3-A4B5C6D7E809}.Debug|x86.ActiveCfg = Debug|Any CPU
		{D5E6F708-29BA-5C1D-E2F3-A4B5C6D7E809}.Debug|x86.Build.0 = Debug|Any CPU
		{D5E6F708-29BA-5C1D-E2F3-A4B5C6D7E809}.Release|Any CPU.ActiveCfg = Release|Any CPU
		{D5E6F708-29BA-5C1D-E2F3-A4B5C6D7E809}.Release|Any CPU.Build.0 = Release|Any CPU
		{D5E6F708-29BA-5C1D-E2F3-A4B5C6D7E809}.Release|x64.ActiveCfg = Release|Any CPU
		{D5E6F708-29BA-5C1D-E2F3-A4B5C6D7E809}.Release|x64.Build.0 = Release|Any CPU
		{D5E6F708-29BA-5C1D-E2F3-A4B5C6D7E809}.Release|x86.ActiveCfg = Release|Any CPU
		{D5E6F708-29BA-5C1D-E2F3-A4B5C6D7E809}.Release|x86.Build.0 = Release|Any CPU
		{B1C2D3E4-F5A6-4789-B0C1-D2E3F4A51617}.Debug|Any CPU.ActiveCfg = Debug|Any CPU
		{B1C2D3E4-F5A6-4789-B0C1-D2E3F4A51617}.Debug|Any CPU.Build.0 = Debug|Any CPU
		{B1C2D3E4-F5A6-4789-B0C1-D2E3F4A51617}.Debug|x64.ActiveCfg = Debug|Any CPU
		{B1C2D3E4-F5A6-4789-B0C1-D2E3F4A51617}.Debug|x64.Build.0 = Debug|Any CPU
		{B1C2D3E4-F5A6-4789-B0C1-D2E3F4A51617}.Debug|x86.ActiveCfg = Debug|Any CPU
		{B1C2D3E4-F5A6-4789-B0C1-D2E3F4A51617}.Debug|x86.Build.0 = Debug|Any CPU
		{B1C2D3E4-F5A6-4789-B0C1-D2E3F4A51617}.Release|Any CPU.ActiveCfg = Release|Any CPU
		{B1C2D3E4-F5A6-4789-B0C1-D2E3F4A51617}.Release|Any CPU.Build.0 = Release|Any CPU
		{B1C2D3E4-F5A6-4789-B0C1-D2E3F4A51617}.Release|x64.ActiveCfg = Release|Any CPU
		{B1C2D3E4-F5A6-4789-B0C1-D2E3F4A51617}.Release|x64.Build.0 = Release|Any CPU
		{B1C2D3E4-F5A6-4789-B0C1-D2E3F4A51617}.Release|x86.ActiveCfg = Release|Any CPU
		{B1C2D3E4-F5A6-4789-B0C1-D2E3F4A51617}.Release|x86.Build.0 = Release|Any CPU
		{526932A2-9E59-4327-ABBF-0CB77162F361}.Debug|Any CPU.ActiveCfg = Debug|Any CPU
		{526932A2-9E59-4327-ABBF-0CB77162F361}.Debug|Any CPU.Build.0 = Debug|Any CPU
		{526932A2-9E59-4327-ABBF-0CB77162F361}.Debug|x64.ActiveCfg = Debug|Any CPU
		{526932A2-9E59-4327-ABBF-0CB77162F361}.Debug|x64.Build.0 = Debug|Any CPU
		{526932A2-9E59-4327-ABBF-0CB77162F361}.Debug|x86.ActiveCfg = Debug|Any CPU
		{526932A2-9E59-4327-ABBF-0CB77162F361}.Debug|x86.Build.0 = Debug|Any CPU
		{526932A2-9E59-4327-ABBF-0CB77162F361}.Release|Any CPU.ActiveCfg = Release|Any CPU
		{526932A2-9E59-4327-ABBF-0CB77162F361}.Release|Any CPU.Build.0 = Release|Any CPU
		{526932A2-9E59-4327-ABBF-0CB77162F361}.Release|x64.ActiveCfg = Release|Any CPU
		{526932A2-9E59-4327-ABBF-0CB77162F361}.Release|x64.Build.0 = Release|Any CPU
		{526932A2-9E59-4327-ABBF-0CB77162F361}.Release|x86.ActiveCfg = Release|Any CPU
		{526932A2-9E59-4327-ABBF-0CB77162F361}.Release|x86.Build.0 = Release|Any CPU
		{D7F9AC82-0A8C-4ECE-BD41-31DC83718D16}.Debug|Any CPU.ActiveCfg = Debug|Any CPU
		{D7F9AC82-0A8C-4ECE-BD41-31DC83718D16}.Debug|Any CPU.Build.0 = Debug|Any CPU
		{D7F9AC82-0A8C-4ECE-BD41-31DC83718D16}.Debug|x64.ActiveCfg = Debug|Any CPU
		{D7F9AC82-0A8C-4ECE-BD41-31DC83718D16}.Debug|x64.Build.0 = Debug|Any CPU
		{D7F9AC82-0A8C-4ECE-BD41-31DC83718D16}.Debug|x86.ActiveCfg = Debug|Any CPU
		{D7F9AC82-0A8C-4ECE-BD41-31DC83718D16}.Debug|x86.Build.0 = Debug|Any CPU
		{D7F9AC82-0A8C-4ECE-BD41-31DC83718D16}.Release|Any CPU.ActiveCfg = Release|Any CPU
		{D7F9AC82-0A8C-4ECE-BD41-31DC83718D16}.Release|Any CPU.Build.0 = Release|Any CPU
		{D7F9AC82-0A8C-4ECE-BD41-31DC83718D16}.Release|x64.ActiveCfg = Release|Any CPU
		{D7F9AC82-0A8C-4ECE-BD41-31DC83718D16}.Release|x64.Build.0 = Release|Any CPU
		{D7F9AC82-0A8C-4ECE-BD41-31DC83718D16}.Release|x86.ActiveCfg = Release|Any CPU
		{D7F9AC82-0A8C-4ECE-BD41-31DC83718D16}.Release|x86.Build.0 = Release|Any CPU
		{38AFECB1-D03C-4FB0-BF18-5B1B7BE1A3D4}.Debug|Any CPU.ActiveCfg = Debug|Any CPU
		{38AFECB1-D03C-4FB0-BF18-5B1B7BE1A3D4}.Debug|Any CPU.Build.0 = Debug|Any CPU
		{38AFECB1-D03C-4FB0-BF18-5B1B7BE1A3D4}.Debug|x64.ActiveCfg = Debug|Any CPU
		{38AFECB1-D03C-4FB0-BF18-5B1B7BE1A3D4}.Debug|x64.Build.0 = Debug|Any CPU
		{38AFECB1-D03C-4FB0-BF18-5B1B7BE1A3D4}.Debug|x86.ActiveCfg = Debug|Any CPU
		{38AFECB1-D03C-4FB0-BF18-5B1B7BE1A3D4}.Debug|x86.Build.0 = Debug|Any CPU
		{38AFECB1-D03C-4FB0-BF18-5B1B7BE1A3D4}.Release|Any CPU.ActiveCfg = Release|Any CPU
		{38AFECB1-D03C-4FB0-BF18-5B1B7BE1A3D4}.Release|Any CPU.Build.0 = Release|Any CPU
		{38AFECB1-D03C-4FB0-BF18-5B1B7BE1A3D4}.Release|x64.ActiveCfg = Release|Any CPU
		{38AFECB1-D03C-4FB0-BF18-5B1B7BE1A3D4}.Release|x64.Build.0 = Release|Any CPU
		{38AFECB1-D03C-4FB0-BF18-5B1B7BE1A3D4}.Release|x86.ActiveCfg = Release|Any CPU
		{38AFECB1-D03C-4FB0-BF18-5B1B7BE1A3D4}.Release|x86.Build.0 = Release|Any CPU
		{BB8B9B3C-386A-430A-914F-8585630CA976}.Debug|Any CPU.ActiveCfg = Debug|Any CPU
		{BB8B9B3C-386A-430A-914F-8585630CA976}.Debug|Any CPU.Build.0 = Debug|Any CPU
		{BB8B9B3C-386A-430A-914F-8585630CA976}.Debug|x64.ActiveCfg = Debug|Any CPU
		{BB8B9B3C-386A-430A-914F-8585630CA976}.Debug|x64.Build.0 = Debug|Any CPU
		{BB8B9B3C-386A-430A-914F-8585630CA976}.Debug|x86.ActiveCfg = Debug|Any CPU
		{BB8B9B3C-386A-430A-914F-8585630CA976}.Debug|x86.Build.0 = Debug|Any CPU
		{BB8B9B3C-386A-430A-914F-8585630CA976}.Release|Any CPU.ActiveCfg = Release|Any CPU
		{BB8B9B3C-386A-430A-914F-8585630CA976}.Release|Any CPU.Build.0 = Release|Any CPU
		{BB8B9B3C-386A-430A-914F-8585630CA976}.Release|x64.ActiveCfg = Release|Any CPU
		{BB8B9B3C-386A-430A-914F-8585630CA976}.Release|x64.Build.0 = Release|Any CPU
		{BB8B9B3C-386A-430A-914F-8585630CA976}.Release|x86.ActiveCfg = Release|Any CPU
		{BB8B9B3C-386A-430A-914F-8585630CA976}.Release|x86.Build.0 = Release|Any CPU
		{AFCA25F7-BB36-43D4-9D10-65C90441F267}.Debug|Any CPU.ActiveCfg = Debug|Any CPU
		{AFCA25F7-BB36-43D4-9D10-65C90441F267}.Debug|Any CPU.Build.0 = Debug|Any CPU
		{AFCA25F7-BB36-43D4-9D10-65C90441F267}.Debug|x64.ActiveCfg = Debug|Any CPU
		{AFCA25F7-BB36-43D4-9D10-65C90441F267}.Debug|x64.Build.0 = Debug|Any CPU
		{AFCA25F7-BB36-43D4-9D10-65C90441F267}.Debug|x86.ActiveCfg = Debug|Any CPU
		{AFCA25F7-BB36-43D4-9D10-65C90441F267}.Debug|x86.Build.0 = Debug|Any CPU
		{AFCA25F7-BB36-43D4-9D10-65C90441F267}.Release|Any CPU.ActiveCfg = Release|Any CPU
		{AFCA25F7-BB36-43D4-9D10-65C90441F267}.Release|Any CPU.Build.0 = Release|Any CPU
		{AFCA25F7-BB36-43D4-9D10-65C90441F267}.Release|x64.ActiveCfg = Release|Any CPU
		{AFCA25F7-BB36-43D4-9D10-65C90441F267}.Release|x64.Build.0 = Release|Any CPU
		{AFCA25F7-BB36-43D4-9D10-65C90441F267}.Release|x86.ActiveCfg = Release|Any CPU
		{AFCA25F7-BB36-43D4-9D10-65C90441F267}.Release|x86.Build.0 = Release|Any CPU
	EndGlobalSection
	GlobalSection(SolutionProperties) = preSolution
		HideSolutionNode = FALSE
	EndGlobalSection
	GlobalSection(NestedProjects) = preSolution
		{E4C3E3EC-9829-4758-A5EB-00A1F6606A1D} = {827E0CD3-B72D-47B6-A68D-7590B98EB39B}
		{57733030-2349-4A16-A3F7-4CD7793F360C} = {827E0CD3-B72D-47B6-A68D-7590B98EB39B}
		{5D042A33-0D90-4A33-838A-F2E97653761D} = {827E0CD3-B72D-47B6-A68D-7590B98EB39B}
		{A1B2C3D4-1234-4E5F-A6B7-1234567890AB} = {827E0CD3-B72D-47B6-A68D-7590B98EB39B}
		{C4D5E6F7-18A9-4B0C-D1E2-F3A4B5C6D708} = {827E0CD3-B72D-47B6-A68D-7590B98EB39B}
		{A0B1C2D3-E4F5-4678-A9B0-C1D2E3F40506} = {827E0CD3-B72D-47B6-A68D-7590B98EB39B}
		{A7B8C9D0-E1F2-4A5B-9C8D-7E6F5A4B3C2D} = {91A2B3C4-D5E6-47F8-9A0B-1C2D3E4F5A6B}
		{42FA567F-5FE5-4E51-8CE7-1E7C79DB6D31} = {91A2B3C4-D5E6-47F8-9A0B-1C2D3E4F5A6B}
		{D5E6F708-29BA-5C1D-E2F3-A4B5C6D7E809} = {91A2B3C4-D5E6-47F8-9A0B-1C2D3E4F5A6B}
		{B1C2D3E4-F5A6-4789-B0C1-D2E3F4A51617} = {91A2B3C4-D5E6-47F8-9A0B-1C2D3E4F5A6B}
		{526932A2-9E59-4327-ABBF-0CB77162F361} = {827E0CD3-B72D-47B6-A68D-7590B98EB39B}
		{D7F9AC82-0A8C-4ECE-BD41-31DC83718D16} = {827E0CD3-B72D-47B6-A68D-7590B98EB39B}
		{38AFECB1-D03C-4FB0-BF18-5B1B7BE1A3D4} = {827E0CD3-B72D-47B6-A68D-7590B98EB39B}
		{BB8B9B3C-386A-430A-914F-8585630CA976} = {827E0CD3-B72D-47B6-A68D-7590B98EB39B}
		{AFCA25F7-BB36-43D4-9D10-65C90441F267} = {827E0CD3-B72D-47B6-A68D-7590B98EB39B}
	EndGlobalSection
	GlobalSection(ExtensibilityGlobals) = postSolution
		SolutionGuid = {0E5F1F06-02B0-4039-9A10-9CD6875E3AEF}
	EndGlobalSection
EndGlobal
